// !$*UTF8*$!
{
	archiveVersion = 1;
	classes = {
	};
	objectVersion = 55;
	objects = {

/* Begin PBXBuildFile section */
		2E1C7FBD283CB55600B9222E /* ObjectMapper in Frameworks */ = {isa = PBXBuildFile; productRef = 2E1C7FBC283CB55600B9222E /* ObjectMapper */; };
		2E3CF47F283BC04100243139 /* PictureCell.swift in Sources */ = {isa = PBXBuildFile; fileRef = 2E3CF47D283BC04100243139 /* PictureCell.swift */; };
		2E3CF480283BC04100243139 /* PictureCell.xib in Resources */ = {isa = PBXBuildFile; fileRef = 2E3CF47E283BC04100243139 /* PictureCell.xib */; };
		2E3CF482283BC8E500243139 /* HFileManager.swift in Sources */ = {isa = PBXBuildFile; fileRef = 2E3CF481283BC8E500243139 /* HFileManager.swift */; };
		2E3CF484283BCA1600243139 /* LocalViewController.swift in Sources */ = {isa = PBXBuildFile; fileRef = 2E3CF483283BCA1600243139 /* LocalViewController.swift */; };
		2E3CF486283BCCB800243139 /* HUploadManager.swift in Sources */ = {isa = PBXBuildFile; fileRef = 2E3CF485283BCCB700243139 /* HUploadManager.swift */; };
		2E3CF488283BCCC500243139 /* HDownloadManager.swift in Sources */ = {isa = PBXBuildFile; fileRef = 2E3CF487283BCCC500243139 /* HDownloadManager.swift */; };
		2E3CF48A283BCCF400243139 /* PictureModel.swift in Sources */ = {isa = PBXBuildFile; fileRef = 2E3CF489283BCCF400243139 /* PictureModel.swift */; };
		2E3CF48C283BD40700243139 /* HPhotoManager.swift in Sources */ = {isa = PBXBuildFile; fileRef = 2E3CF48B283BD40700243139 /* HPhotoManager.swift */; };
		2E650F40283B8563000E74CC /* AppDelegate.swift in Sources */ = {isa = PBXBuildFile; fileRef = 2E650F3F283B8563000E74CC /* AppDelegate.swift */; };
		2E650F44283B8563000E74CC /* CloudViewController.swift in Sources */ = {isa = PBXBuildFile; fileRef = 2E650F43283B8563000E74CC /* CloudViewController.swift */; };
		2E650F47283B8563000E74CC /* Main.storyboard in Resources */ = {isa = PBXBuildFile; fileRef = 2E650F45283B8563000E74CC /* Main.storyboard */; };
		2E650F49283B8568000E74CC /* Assets.xcassets in Resources */ = {isa = PBXBuildFile; fileRef = 2E650F48283B8568000E74CC /* Assets.xcassets */; };
		2E650F4C283B8568000E74CC /* LaunchScreen.storyboard in Resources */ = {isa = PBXBuildFile; fileRef = 2E650F4A283B8568000E74CC /* LaunchScreen.storyboard */; };
/* End PBXBuildFile section */

/* Begin PBXFileReference section */
		2E1C7FBA283CB53E00B9222E /* ObjectMapper */ = {isa = PBXFileReference; lastKnownFileType = wrapper; name = ObjectMapper; path = ../Depend/ObjectMapper; sourceTree = "<group>"; };
		2E1C7FC7283CBAA000B9222E /* Moya */ = {isa = PBXFileReference; lastKnownFileType = wrapper; name = Moya; path = ../Depend/Moya; sourceTree = "<group>"; };
		2E1C7FC8283CBAB800B9222E /* SQLite.swift */ = {isa = PBXFileReference; lastKnownFileType = wrapper; name = SQLite.swift; path = ../Depend/SQLite.swift; sourceTree = "<group>"; };
		2E3CF47D283BC04100243139 /* PictureCell.swift */ = {isa = PBXFileReference; lastKnownFileType = sourcecode.swift; path = PictureCell.swift; sourceTree = "<group>"; };
		2E3CF47E283BC04100243139 /* PictureCell.xib */ = {isa = PBXFileReference; lastKnownFileType = file.xib; path = PictureCell.xib; sourceTree = "<group>"; };
		2E3CF481283BC8E500243139 /* HFileManager.swift */ = {isa = PBXFileReference; lastKnownFileType = sourcecode.swift; path = HFileManager.swift; sourceTree = "<group>"; };
		2E3CF483283BCA1600243139 /* LocalViewController.swift */ = {isa = PBXFileReference; lastKnownFileType = sourcecode.swift; path = LocalViewController.swift; sourceTree = "<group>"; };
		2E3CF485283BCCB700243139 /* HUploadManager.swift */ = {isa = PBXFileReference; lastKnownFileType = sourcecode.swift; path = HUploadManager.swift; sourceTree = "<group>"; };
		2E3CF487283BCCC500243139 /* HDownloadManager.swift */ = {isa = PBXFileReference; lastKnownFileType = sourcecode.swift; path = HDownloadManager.swift; sourceTree = "<group>"; };
		2E3CF489283BCCF400243139 /* PictureModel.swift */ = {isa = PBXFileReference; lastKnownFileType = sourcecode.swift; path = PictureModel.swift; sourceTree = "<group>"; };
		2E3CF48B283BD40700243139 /* HPhotoManager.swift */ = {isa = PBXFileReference; lastKnownFileType = sourcecode.swift; path = HPhotoManager.swift; sourceTree = "<group>"; };
		2E650F3C283B8563000E74CC /* PicturesCloud.app */ = {isa = PBXFileReference; explicitFileType = wrapper.application; includeInIndex = 0; path = PicturesCloud.app; sourceTree = BUILT_PRODUCTS_DIR; };
		2E650F3F283B8563000E74CC /* AppDelegate.swift */ = {isa = PBXFileReference; lastKnownFileType = sourcecode.swift; path = AppDelegate.swift; sourceTree = "<group>"; };
		2E650F43283B8563000E74CC /* CloudViewController.swift */ = {isa = PBXFileReference; lastKnownFileType = sourcecode.swift; path = CloudViewController.swift; sourceTree = "<group>"; };
		2E650F46283B8563000E74CC /* Base */ = {isa = PBXFileReference; lastKnownFileType = file.storyboard; name = Base; path = Base.lproj/Main.storyboard; sourceTree = "<group>"; };
		2E650F48283B8568000E74CC /* Assets.xcassets */ = {isa = PBXFileReference; lastKnownFileType = folder.assetcatalog; path = Assets.xcassets; sourceTree = "<group>"; };
		2E650F4B283B8568000E74CC /* Base */ = {isa = PBXFileReference; lastKnownFileType = file.storyboard; name = Base; path = Base.lproj/LaunchScreen.storyboard; sourceTree = "<group>"; };
		2E650F4D283B8568000E74CC /* Info.plist */ = {isa = PBXFileReference; lastKnownFileType = text.plist.xml; path = Info.plist; sourceTree = "<group>"; };
		2E650F53283B8A24000E74CC /* README.md */ = {isa = PBXFileReference; lastKnownFileType = net.daringfireball.markdown; path = README.md; sourceTree = "<group>"; };
/* End PBXFileReference section */

/* Begin PBXFrameworksBuildPhase section */
		2E650F39283B8563000E74CC /* Frameworks */ = {
			isa = PBXFrameworksBuildPhase;
			buildActionMask = 2147483647;
			files = (
				2E1C7FBD283CB55600B9222E /* ObjectMapper in Frameworks */,
			);
			runOnlyForDeploymentPostprocessing = 0;
		};
/* End PBXFrameworksBuildPhase section */

/* Begin PBXGroup section */
		2E1C7FB9283CB53E00B9222E /* Packages */ = {
			isa = PBXGroup;
			children = (
				2E1C7FBA283CB53E00B9222E /* ObjectMapper */,
				2E1C7FC7283CBAA000B9222E /* Moya */,
				2E1C7FC8283CBAB800B9222E /* SQLite.swift */,
			);
			name = Packages;
			sourceTree = "<group>";
		};
		2E1C7FBB283CB55600B9222E /* Frameworks */ = {
			isa = PBXGroup;
			children = (
			);
			name = Frameworks;
			sourceTree = "<group>";
		};
		2E650F33283B8563000E74CC = {
			isa = PBXGroup;
			children = (
				2E1C7FB9283CB53E00B9222E /* Packages */,
				2E650F53283B8A24000E74CC /* README.md */,
				2E650F3E283B8563000E74CC /* PicturesCloud */,
				2E650F3D283B8563000E74CC /* Products */,
				2E1C7FBB283CB55600B9222E /* Frameworks */,
			);
			sourceTree = "<group>";
		};
		2E650F3D283B8563000E74CC /* Products */ = {
			isa = PBXGroup;
			children = (
				2E650F3C283B8563000E74CC /* PicturesCloud.app */,
			);
			name = Products;
			sourceTree = "<group>";
		};
		2E650F3E283B8563000E74CC /* PicturesCloud */ = {
			isa = PBXGroup;
			children = (
				2E650F3F283B8563000E74CC /* AppDelegate.swift */,
				2E650F43283B8563000E74CC /* CloudViewController.swift */,
				2E3CF483283BCA1600243139 /* LocalViewController.swift */,
				2E3CF481283BC8E500243139 /* HFileManager.swift */,
				2E3CF485283BCCB700243139 /* HUploadManager.swift */,
				2E3CF487283BCCC500243139 /* HDownloadManager.swift */,
				2E3CF489283BCCF400243139 /* PictureModel.swift */,
				2E650F45283B8563000E74CC /* Main.storyboard */,
				2E650F48283B8568000E74CC /* Assets.xcassets */,
				2E650F4A283B8568000E74CC /* LaunchScreen.storyboard */,
				2E650F4D283B8568000E74CC /* Info.plist */,
				2E3CF47D283BC04100243139 /* PictureCell.swift */,
				2E3CF47E283BC04100243139 /* PictureCell.xib */,
				2E3CF48B283BD40700243139 /* HPhotoManager.swift */,
			);
			path = PicturesCloud;
			sourceTree = "<group>";
		};
/* End PBXGroup section */

/* Begin PBXNativeTarget section */
		2E650F3B283B8563000E74CC /* PicturesCloud */ = {
			isa = PBXNativeTarget;
			buildConfigurationList = 2E650F50283B8568000E74CC /* Build configuration list for PBXNativeTarget "PicturesCloud" */;
			buildPhases = (
				2E650F38283B8563000E74CC /* Sources */,
				2E650F39283B8563000E74CC /* Frameworks */,
				2E650F3A283B8563000E74CC /* Resources */,
			);
			buildRules = (
			);
			dependencies = (
			);
			name = PicturesCloud;
			packageProductDependencies = (
				2E1C7FBC283CB55600B9222E /* ObjectMapper */,
			);
			productName = PicturesCloud;
			productReference = 2E650F3C283B8563000E74CC /* PicturesCloud.app */;
			productType = "com.apple.product-type.application";
		};
/* End PBXNativeTarget section */

/* Begin PBXProject section */
		2E650F34283B8563000E74CC /* Project object */ = {
			isa = PBXProject;
			attributes = {
				BuildIndependentTargetsInParallel = 1;
				LastSwiftUpdateCheck = 1340;
				LastUpgradeCheck = 1340;
				TargetAttributes = {
					2E650F3B283B8563000E74CC = {
						CreatedOnToolsVersion = 13.4;
					};
				};
			};
			buildConfigurationList = 2E650F37283B8563000E74CC /* Build configuration list for PBXProject "PicturesCloud" */;
			compatibilityVersion = "Xcode 13.0";
			developmentRegion = en;
			hasScannedForEncodings = 0;
			knownRegions = (
				en,
				Base,
			);
			mainGroup = 2E650F33283B8563000E74CC;
			packageReferences = (
			);
			productRefGroup = 2E650F3D283B8563000E74CC /* Products */;
			projectDirPath = "";
			projectRoot = "";
			targets = (
				2E650F3B283B8563000E74CC /* PicturesCloud */,
			);
		};
/* End PBXProject section */

/* Begin PBXResourcesBuildPhase section */
		2E650F3A283B8563000E74CC /* Resources */ = {
			isa = PBXResourcesBuildPhase;
			buildActionMask = 2147483647;
			files = (
				2E3CF480283BC04100243139 /* PictureCell.xib in Resources */,
				2E650F4C283B8568000E74CC /* LaunchScreen.storyboard in Resources */,
				2E650F49283B8568000E74CC /* Assets.xcassets in Resources */,
				2E650F47283B8563000E74CC /* Main.storyboard in Resources */,
			);
			runOnlyForDeploymentPostprocessing = 0;
		};
/* End PBXResourcesBuildPhase section */

/* Begin PBXSourcesBuildPhase section */
		2E650F38283B8563000E74CC /* Sources */ = {
			isa = PBXSourcesBuildPhase;
			buildActionMask = 2147483647;
			files = (
				2E3CF488283BCCC500243139 /* HDownloadManager.swift in Sources */,
				2E3CF484283BCA1600243139 /* LocalViewController.swift in Sources */,
				2E3CF48A283BCCF400243139 /* PictureModel.swift in Sources */,
				2E3CF486283BCCB800243139 /* HUploadManager.swift in Sources */,
				2E3CF482283BC8E500243139 /* HFileManager.swift in Sources */,
				2E3CF48C283BD40700243139 /* HPhotoManager.swift in Sources */,
				2E650F44283B8563000E74CC /* CloudViewController.swift in Sources */,
				2E650F40283B8563000E74CC /* AppDelegate.swift in Sources */,
				2E3CF47F283BC04100243139 /* PictureCell.swift in Sources */,
			);
			runOnlyForDeploymentPostprocessing = 0;
		};
/* End PBXSourcesBuildPhase section */

/* Begin PBXVariantGroup section */
		2E650F45283B8563000E74CC /* Main.storyboard */ = {
			isa = PBXVariantGroup;
			children = (
				2E650F46283B8563000E74CC /* Base */,
			);
			name = Main.storyboard;
			sourceTree = "<group>";
		};
		2E650F4A283B8568000E74CC /* LaunchScreen.storyboard */ = {
			isa = PBXVariantGroup;
			children = (
				2E650F4B283B8568000E74CC /* Base */,
			);
			name = LaunchScreen.storyboard;
			sourceTree = "<group>";
		};
/* End PBXVariantGroup section */

/* Begin XCBuildConfiguration section */
		2E650F4E283B8568000E74CC /* Debug */ = {
			isa = XCBuildConfiguration;
			buildSettings = {
				ALWAYS_SEARCH_USER_PATHS = NO;
				CLANG_ANALYZER_NONNULL = YES;
				CLANG_ANALYZER_NUMBER_OBJECT_CONVERSION = YES_AGGRESSIVE;
				CLANG_CXX_LANGUAGE_STANDARD = "gnu++17";
				CLANG_ENABLE_MODULES = YES;
				CLANG_ENABLE_OBJC_ARC = YES;
				CLANG_ENABLE_OBJC_WEAK = YES;
				CLANG_WARN_BLOCK_CAPTURE_AUTORELEASING = YES;
				CLANG_WARN_BOOL_CONVERSION = YES;
				CLANG_WARN_COMMA = YES;
				CLANG_WARN_CONSTANT_CONVERSION = YES;
				CLANG_WARN_DEPRECATED_OBJC_IMPLEMENTATIONS = YES;
				CLANG_WARN_DIRECT_OBJC_ISA_USAGE = YES_ERROR;
				CLANG_WARN_DOCUMENTATION_COMMENTS = YES;
				CLANG_WARN_EMPTY_BODY = YES;
				CLANG_WARN_ENUM_CONVERSION = YES;
				CLANG_WARN_INFINITE_RECURSION = YES;
				CLANG_WARN_INT_CONVERSION = YES;
				CLANG_WARN_NON_LITERAL_NULL_CONVERSION = YES;
				CLANG_WARN_OBJC_IMPLICIT_RETAIN_SELF = YES;
				CLANG_WARN_OBJC_LITERAL_CONVERSION = YES;
				CLANG_WARN_OBJC_ROOT_CLASS = YES_ERROR;
				CLANG_WARN_QUOTED_INCLUDE_IN_FRAMEWORK_HEADER = YES;
				CLANG_WARN_RANGE_LOOP_ANALYSIS = YES;
				CLANG_WARN_STRICT_PROTOTYPES = YES;
				CLANG_WARN_SUSPICIOUS_MOVE = YES;
				CLANG_WARN_UNGUARDED_AVAILABILITY = YES_AGGRESSIVE;
				CLANG_WARN_UNREACHABLE_CODE = YES;
				CLANG_WARN__DUPLICATE_METHOD_MATCH = YES;
				COPY_PHASE_STRIP = NO;
				DEBUG_INFORMATION_FORMAT = dwarf;
				ENABLE_STRICT_OBJC_MSGSEND = YES;
				ENABLE_TESTABILITY = YES;
				GCC_C_LANGUAGE_STANDARD = gnu11;
				GCC_DYNAMIC_NO_PIC = NO;
				GCC_NO_COMMON_BLOCKS = YES;
				GCC_OPTIMIZATION_LEVEL = 0;
				GCC_PREPROCESSOR_DEFINITIONS = (
					"DEBUG=1",
					"$(inherited)",
				);
				GCC_WARN_64_TO_32_BIT_CONVERSION = YES;
				GCC_WARN_ABOUT_RETURN_TYPE = YES_ERROR;
				GCC_WARN_UNDECLARED_SELECTOR = YES;
				GCC_WARN_UNINITIALIZED_AUTOS = YES_AGGRESSIVE;
				GCC_WARN_UNUSED_FUNCTION = YES;
				GCC_WARN_UNUSED_VARIABLE = YES;
				IPHONEOS_DEPLOYMENT_TARGET = 11.0;
				MTL_ENABLE_DEBUG_INFO = INCLUDE_SOURCE;
				MTL_FAST_MATH = YES;
				ONLY_ACTIVE_ARCH = YES;
				SDKROOT = iphoneos;
				SWIFT_ACTIVE_COMPILATION_CONDITIONS = DEBUG;
				SWIFT_OPTIMIZATION_LEVEL = "-Onone";
			};
			name = Debug;
		};
		2E650F4F283B8568000E74CC /* Release */ = {
			isa = XCBuildConfiguration;
			buildSettings = {
				ALWAYS_SEARCH_USER_PATHS = NO;
				CLANG_ANALYZER_NONNULL = YES;
				CLANG_ANALYZER_NUMBER_OBJECT_CONVERSION = YES_AGGRESSIVE;
				CLANG_CXX_LANGUAGE_STANDARD = "gnu++17";
				CLANG_ENABLE_MODULES = YES;
				CLANG_ENABLE_OBJC_ARC = YES;
				CLANG_ENABLE_OBJC_WEAK = YES;
				CLANG_WARN_BLOCK_CAPTURE_AUTORELEASING = YES;
				CLANG_WARN_BOOL_CONVERSION = YES;
				CLANG_WARN_COMMA = YES;
				CLANG_WARN_CONSTANT_CONVERSION = YES;
				CLANG_WARN_DEPRECATED_OBJC_IMPLEMENTATIONS = YES;
				CLANG_WARN_DIRECT_OBJC_ISA_USAGE = YES_ERROR;
				CLANG_WARN_DOCUMENTATION_COMMENTS = YES;
				CLANG_WARN_EMPTY_BODY = YES;
				CLANG_WARN_ENUM_CONVERSION = YES;
				CLANG_WARN_INFINITE_RECURSION = YES;
				CLANG_WARN_INT_CONVERSION = YES;
				CLANG_WARN_NON_LITERAL_NULL_CONVERSION = YES;
				CLANG_WARN_OBJC_IMPLICIT_RETAIN_SELF = YES;
				CLANG_WARN_OBJC_LITERAL_CONVERSION = YES;
				CLANG_WARN_OBJC_ROOT_CLASS = YES_ERROR;
				CLANG_WARN_QUOTED_INCLUDE_IN_FRAMEWORK_HEADER = YES;
				CLANG_WARN_RANGE_LOOP_ANALYSIS = YES;
				CLANG_WARN_STRICT_PROTOTYPES = YES;
				CLANG_WARN_SUSPICIOUS_MOVE = YES;
				CLANG_WARN_UNGUARDED_AVAILABILITY = YES_AGGRESSIVE;
				CLANG_WARN_UNREACHABLE_CODE = YES;
				CLANG_WARN__DUPLICATE_METHOD_MATCH = YES;
				COPY_PHASE_STRIP = NO;
				DEBUG_INFORMATION_FORMAT = "dwarf-with-dsym";
				ENABLE_NS_ASSERTIONS = NO;
				ENABLE_STRICT_OBJC_MSGSEND = YES;
				GCC_C_LANGUAGE_STANDARD = gnu11;
				GCC_NO_COMMON_BLOCKS = YES;
				GCC_WARN_64_TO_32_BIT_CONVERSION = YES;
				GCC_WARN_ABOUT_RETURN_TYPE = YES_ERROR;
				GCC_WARN_UNDECLARED_SELECTOR = YES;
				GCC_WARN_UNINITIALIZED_AUTOS = YES_AGGRESSIVE;
				GCC_WARN_UNUSED_FUNCTION = YES;
				GCC_WARN_UNUSED_VARIABLE = YES;
				IPHONEOS_DEPLOYMENT_TARGET = 11.0;
				MTL_ENABLE_DEBUG_INFO = NO;
				MTL_FAST_MATH = YES;
				SDKROOT = iphoneos;
				SWIFT_COMPILATION_MODE = wholemodule;
				SWIFT_OPTIMIZATION_LEVEL = "-O";
				VALIDATE_PRODUCT = YES;
			};
			name = Release;
		};
		2E650F51283B8568000E74CC /* Debug */ = {
			isa = XCBuildConfiguration;
			buildSettings = {
				ASSETCATALOG_COMPILER_APPICON_NAME = AppIcon;
				ASSETCATALOG_COMPILER_GLOBAL_ACCENT_COLOR_NAME = AccentColor;
				CODE_SIGN_STYLE = Automatic;
				CURRENT_PROJECT_VERSION = 1;
				DEVELOPMENT_TEAM = SRW54YFJJ3;
				GENERATE_INFOPLIST_FILE = YES;
				INFOPLIST_FILE = PicturesCloud/Info.plist;
				INFOPLIST_KEY_UIApplicationSupportsIndirectInputEvents = YES;
				INFOPLIST_KEY_UILaunchStoryboardName = LaunchScreen;
				INFOPLIST_KEY_UIMainStoryboardFile = Main;
				INFOPLIST_KEY_UISupportedInterfaceOrientations_iPad = "UIInterfaceOrientationPortrait UIInterfaceOrientationPortraitUpsideDown UIInterfaceOrientationLandscapeLeft UIInterfaceOrientationLandscapeRight";
				INFOPLIST_KEY_UISupportedInterfaceOrientations_iPhone = "UIInterfaceOrientationPortrait UIInterfaceOrientationLandscapeLeft UIInterfaceOrientationLandscapeRight";
				IPHONEOS_DEPLOYMENT_TARGET = 11.0;
				LD_RUNPATH_SEARCH_PATHS = (
					"$(inherited)",
					"@executable_path/Frameworks",
				);
				MARKETING_VERSION = 1.0;
				PRODUCT_BUNDLE_IDENTIFIER = github.onelcat.io.PicturesCloud;
				PRODUCT_NAME = "$(TARGET_NAME)";
				SWIFT_EMIT_LOC_STRINGS = YES;
				SWIFT_VERSION = 5.0;
				TARGETED_DEVICE_FAMILY = "1,2";
			};
			name = Debug;
		};
		2E650F52283B8568000E74CC /* Release */ = {
			isa = XCBuildConfiguration;
			buildSettings = {
				ASSETCATALOG_COMPILER_APPICON_NAME = AppIcon;
				ASSETCATALOG_COMPILER_GLOBAL_ACCENT_COLOR_NAME = AccentColor;
				CODE_SIGN_STYLE = Automatic;
				CURRENT_PROJECT_VERSION = 1;
				DEVELOPMENT_TEAM = SRW54YFJJ3;
				GENERATE_INFOPLIST_FILE = YES;
				INFOPLIST_FILE = PicturesCloud/Info.plist;
				INFOPLIST_KEY_UIApplicationSupportsIndirectInputEvents = YES;
				INFOPLIST_KEY_UILaunchStoryboardName = LaunchScreen;
				INFOPLIST_KEY_UIMainStoryboardFile = Main;
				INFOPLIST_KEY_UISupportedInterfaceOrientations_iPad = "UIInterfaceOrientationPortrait UIInterfaceOrientationPortraitUpsideDown UIInterfaceOrientationLandscapeLeft UIInterfaceOrientationLandscapeRight";
				INFOPLIST_KEY_UISupportedInterfaceOrientations_iPhone = "UIInterfaceOrientationPortrait UIInterfaceOrientationLandscapeLeft UIInterfaceOrientationLandscapeRight";
				IPHONEOS_DEPLOYMENT_TARGET = 11.0;
				LD_RUNPATH_SEARCH_PATHS = (
					"$(inherited)",
					"@executable_path/Frameworks",
				);
				MARKETING_VERSION = 1.0;
				PRODUCT_BUNDLE_IDENTIFIER = github.onelcat.io.PicturesCloud;
				PRODUCT_NAME = "$(TARGET_NAME)";
				SWIFT_EMIT_LOC_STRINGS = YES;
				SWIFT_VERSION = 5.0;
				TARGETED_DEVICE_FAMILY = "1,2";
			};
			name = Release;
		};
/* End XCBuildConfiguration section */

/* Begin XCConfigurationList section */
		2E650F37283B8563000E74CC /* Build configuration list for PBXProject "PicturesCloud" */ = {
			isa = XCConfigurationList;
			buildConfigurations = (
				2E650F4E283B8568000E74CC /* Debug */,
				2E650F4F283B8568000E74CC /* Release */,
			);
			defaultConfigurationIsVisible = 0;
			defaultConfigurationName = Release;
		};
		2E650F50283B8568000E74CC /* Build configuration list for PBXNativeTarget "PicturesCloud" */ = {
			isa = XCConfigurationList;
			buildConfigurations = (
				2E650F51283B8568000E74CC /* Debug */,
				2E650F52283B8568000E74CC /* Release */,
			);
			defaultConfigurationIsVisible = 0;
			defaultConfigurationName = Release;
		};
/* End XCConfigurationList section */

/* Begin XCSwiftPackageProductDependency section */
		2E1C7FBC283CB55600B9222E /* ObjectMapper */ = {
			isa = XCSwiftPackageProductDependency;
			productName = ObjectMapper;
		};
/* End XCSwiftPackageProductDependency section */
	};
	rootObject = 2E650F34283B8563000E74CC /* Project object */;
}
