// !$*UTF8*$!
{
	archiveVersion = 1;
	classes = {
	};
	objectVersion = 55;
	objects = {

/* Begin PBXBuildFile section */
		2E0E8F27299526A200212C2D /* LocalPhotoManager.swift in Sources */ = {isa = PBXBuildFile; fileRef = 2E0E8F26299526A200212C2D /* LocalPhotoManager.swift */; };
		2E0E8F29299526AF00212C2D /* CloudPhotoManager.swift in Sources */ = {isa = PBXBuildFile; fileRef = 2E0E8F28299526AF00212C2D /* CloudPhotoManager.swift */; };
		2E0F9B29283D2428000358FD /* LocalSectionController.swift in Sources */ = {isa = PBXBuildFile; fileRef = 2E0F9B28283D2428000358FD /* LocalSectionController.swift */; };
		2E3A99E6283E374D00F3D5D7 /* LocalImageCell.swift in Sources */ = {isa = PBXBuildFile; fileRef = 2E3A99E4283E374D00F3D5D7 /* LocalImageCell.swift */; };
		2E3A99EA283E376100F3D5D7 /* LocalVideoCell.swift in Sources */ = {isa = PBXBuildFile; fileRef = 2E3A99E8283E376100F3D5D7 /* LocalVideoCell.swift */; };
		2E3A99EB283E376100F3D5D7 /* LocalVideoCell.xib in Resources */ = {isa = PBXBuildFile; fileRef = 2E3A99E9283E376100F3D5D7 /* LocalVideoCell.xib */; };
		2E3A99EF283E5B3500F3D5D7 /* HImageScrollView.swift in Sources */ = {isa = PBXBuildFile; fileRef = 2E3A99EE283E5B3500F3D5D7 /* HImageScrollView.swift */; };
		2E3A99F1283E5D3600F3D5D7 /* LocalImageCell.xib in Resources */ = {isa = PBXBuildFile; fileRef = 2E3A99F0283E5D3600F3D5D7 /* LocalImageCell.xib */; };
		2E3CF47F283BC04100243139 /* LocalPictureCell.swift in Sources */ = {isa = PBXBuildFile; fileRef = 2E3CF47D283BC04100243139 /* LocalPictureCell.swift */; };
		2E3CF480283BC04100243139 /* LocalPictureCell.xib in Resources */ = {isa = PBXBuildFile; fileRef = 2E3CF47E283BC04100243139 /* LocalPictureCell.xib */; };
		2E3CF482283BC8E500243139 /* HFileManager.swift in Sources */ = {isa = PBXBuildFile; fileRef = 2E3CF481283BC8E500243139 /* HFileManager.swift */; };
		2E3CF484283BCA1600243139 /* LocalViewController.swift in Sources */ = {isa = PBXBuildFile; fileRef = 2E3CF483283BCA1600243139 /* LocalViewController.swift */; };
		2E3CF486283BCCB800243139 /* HUploadManager.swift in Sources */ = {isa = PBXBuildFile; fileRef = 2E3CF485283BCCB700243139 /* HUploadManager.swift */; };
		2E3CF488283BCCC500243139 /* HDownloadManager.swift in Sources */ = {isa = PBXBuildFile; fileRef = 2E3CF487283BCCC500243139 /* HDownloadManager.swift */; };
		2E3CF48A283BCCF400243139 /* LocalPictureModel.swift in Sources */ = {isa = PBXBuildFile; fileRef = 2E3CF489283BCCF400243139 /* LocalPictureModel.swift */; };
		2E3CF48C283BD40700243139 /* HPhotoManager.swift in Sources */ = {isa = PBXBuildFile; fileRef = 2E3CF48B283BD40700243139 /* HPhotoManager.swift */; };
		2E650F40283B8563000E74CC /* AppDelegate.swift in Sources */ = {isa = PBXBuildFile; fileRef = 2E650F3F283B8563000E74CC /* AppDelegate.swift */; };
		2E650F44283B8563000E74CC /* CloudViewController.swift in Sources */ = {isa = PBXBuildFile; fileRef = 2E650F43283B8563000E74CC /* CloudViewController.swift */; };
		2E650F47283B8563000E74CC /* Main.storyboard in Resources */ = {isa = PBXBuildFile; fileRef = 2E650F45283B8563000E74CC /* Main.storyboard */; };
		2E650F49283B8568000E74CC /* Assets.xcassets in Resources */ = {isa = PBXBuildFile; fileRef = 2E650F48283B8568000E74CC /* Assets.xcassets */; };
		2E650F4C283B8568000E74CC /* LaunchScreen.storyboard in Resources */ = {isa = PBXBuildFile; fileRef = 2E650F4A283B8568000E74CC /* LaunchScreen.storyboard */; };
		2E6BC60A29914A57003BE70D /* String+Extension.swift in Sources */ = {isa = PBXBuildFile; fileRef = 2E6BC60929914A57003BE70D /* String+Extension.swift */; };
		2E6BC60C2992AB30003BE70D /* CloudSectionController.swift in Sources */ = {isa = PBXBuildFile; fileRef = 2E6BC60B2992AB30003BE70D /* CloudSectionController.swift */; };
		2E7CB55F299E697D00183726 /* Model.swift in Sources */ = {isa = PBXBuildFile; fileRef = 2E7CB55E299E697D00183726 /* Model.swift */; };
		2EC0D068284715A900253196 /* HPlayerView.swift in Sources */ = {isa = PBXBuildFile; fileRef = 2EC0D067284715A900253196 /* HPlayerView.swift */; };
		2EC0D0892847561D00253196 /* GridViewController.swift in Sources */ = {isa = PBXBuildFile; fileRef = 2EC0D0882847561D00253196 /* GridViewController.swift */; };
		2EC0D08B2847564900253196 /* GridSectionController.swift in Sources */ = {isa = PBXBuildFile; fileRef = 2EC0D08A2847564900253196 /* GridSectionController.swift */; };
		2EC0D08E284760D700253196 /* GridCell.swift in Sources */ = {isa = PBXBuildFile; fileRef = 2EC0D08C284760D700253196 /* GridCell.swift */; };
		2EC0D08F284760D700253196 /* GridCell.xib in Resources */ = {isa = PBXBuildFile; fileRef = 2EC0D08D284760D700253196 /* GridCell.xib */; };
		2EC80D6229A6542200387A4F /* PhotoManager.swift in Sources */ = {isa = PBXBuildFile; fileRef = 2EC80D6129A6542200387A4F /* PhotoManager.swift */; };
		2EC80D6729A8DA0300387A4F /* LocalAssetViewController.swift in Sources */ = {isa = PBXBuildFile; fileRef = 2EC80D6529A8DA0300387A4F /* LocalAssetViewController.swift */; };
		2EC80D6829A8DA0300387A4F /* LocalAssetViewController.xib in Resources */ = {isa = PBXBuildFile; fileRef = 2EC80D6629A8DA0300387A4F /* LocalAssetViewController.xib */; };
		2ECE50D0298A9950005533C8 /* Client.swift in Sources */ = {isa = PBXBuildFile; fileRef = 2ECE50CF298A9950005533C8 /* Client.swift */; };
		2EE7BE4A298ABC48006BD2B0 /* types.swift in Sources */ = {isa = PBXBuildFile; fileRef = 2EE7BE49298ABC48006BD2B0 /* types.swift */; };
		821953546EF4A3BB39CF901B /* Pods_PicturesCloud.framework in Frameworks */ = {isa = PBXBuildFile; fileRef = 88936EC631460B4C08C7C8E7 /* Pods_PicturesCloud.framework */; };
/* End PBXBuildFile section */

/* Begin PBXFileReference section */
		2E0E8F26299526A200212C2D /* LocalPhotoManager.swift */ = {isa = PBXFileReference; lastKnownFileType = sourcecode.swift; path = LocalPhotoManager.swift; sourceTree = "<group>"; };
		2E0E8F28299526AF00212C2D /* CloudPhotoManager.swift */ = {isa = PBXFileReference; lastKnownFileType = sourcecode.swift; path = CloudPhotoManager.swift; sourceTree = "<group>"; };
		2E0F9B05283CC4EB000358FD /* Alamofire.framework */ = {isa = PBXFileReference; lastKnownFileType = wrapper.framework; name = Alamofire.framework; path = Frameworks/Alamofire.framework; sourceTree = "<group>"; };
		2E0F9B09283CC4F6000358FD /* IGListDiffKit.framework */ = {isa = PBXFileReference; lastKnownFileType = wrapper.framework; name = IGListDiffKit.framework; path = Frameworks/IGListDiffKit.framework; sourceTree = "<group>"; };
		2E0F9B0C283CC4FE000358FD /* IGListKit.framework */ = {isa = PBXFileReference; lastKnownFileType = wrapper.framework; name = IGListKit.framework; path = Frameworks/IGListKit.framework; sourceTree = "<group>"; };
		2E0F9B0F283CC507000358FD /* Kingfisher.framework */ = {isa = PBXFileReference; lastKnownFileType = wrapper.framework; name = Kingfisher.framework; path = Frameworks/Kingfisher.framework; sourceTree = "<group>"; };
		2E0F9B12283CC50E000358FD /* ObjectMapper.framework */ = {isa = PBXFileReference; lastKnownFileType = wrapper.framework; name = ObjectMapper.framework; path = Frameworks/ObjectMapper.framework; sourceTree = "<group>"; };
		2E0F9B15283CC517000358FD /* RxSwift.framework */ = {isa = PBXFileReference; lastKnownFileType = wrapper.framework; name = RxSwift.framework; path = Frameworks/RxSwift.framework; sourceTree = "<group>"; };
		2E0F9B18283CC51F000358FD /* SQLite.framework */ = {isa = PBXFileReference; lastKnownFileType = wrapper.framework; name = SQLite.framework; path = Frameworks/SQLite.framework; sourceTree = "<group>"; };
		2E0F9B22283CC551000358FD /* Moya.framework */ = {isa = PBXFileReference; lastKnownFileType = wrapper.framework; name = Moya.framework; path = Frameworks/Moya.framework; sourceTree = "<group>"; };
		2E0F9B25283CC559000358FD /* RxMoya.framework */ = {isa = PBXFileReference; lastKnownFileType = wrapper.framework; name = RxMoya.framework; path = Frameworks/RxMoya.framework; sourceTree = "<group>"; };
		2E0F9B28283D2428000358FD /* LocalSectionController.swift */ = {isa = PBXFileReference; lastKnownFileType = sourcecode.swift; path = LocalSectionController.swift; sourceTree = "<group>"; };
		2E3A99E4283E374D00F3D5D7 /* LocalImageCell.swift */ = {isa = PBXFileReference; lastKnownFileType = sourcecode.swift; path = LocalImageCell.swift; sourceTree = "<group>"; };
		2E3A99E8283E376100F3D5D7 /* LocalVideoCell.swift */ = {isa = PBXFileReference; lastKnownFileType = sourcecode.swift; path = LocalVideoCell.swift; sourceTree = "<group>"; };
		2E3A99E9283E376100F3D5D7 /* LocalVideoCell.xib */ = {isa = PBXFileReference; lastKnownFileType = file.xib; path = LocalVideoCell.xib; sourceTree = "<group>"; };
		2E3A99EE283E5B3500F3D5D7 /* HImageScrollView.swift */ = {isa = PBXFileReference; lastKnownFileType = sourcecode.swift; path = HImageScrollView.swift; sourceTree = "<group>"; };
		2E3A99F0283E5D3600F3D5D7 /* LocalImageCell.xib */ = {isa = PBXFileReference; lastKnownFileType = file.xib; path = LocalImageCell.xib; sourceTree = "<group>"; };
		2E3CF47D283BC04100243139 /* LocalPictureCell.swift */ = {isa = PBXFileReference; lastKnownFileType = sourcecode.swift; path = LocalPictureCell.swift; sourceTree = "<group>"; };
		2E3CF47E283BC04100243139 /* LocalPictureCell.xib */ = {isa = PBXFileReference; lastKnownFileType = file.xib; path = LocalPictureCell.xib; sourceTree = "<group>"; };
		2E3CF481283BC8E500243139 /* HFileManager.swift */ = {isa = PBXFileReference; lastKnownFileType = sourcecode.swift; path = HFileManager.swift; sourceTree = "<group>"; };
		2E3CF483283BCA1600243139 /* LocalViewController.swift */ = {isa = PBXFileReference; lastKnownFileType = sourcecode.swift; path = LocalViewController.swift; sourceTree = "<group>"; };
		2E3CF485283BCCB700243139 /* HUploadManager.swift */ = {isa = PBXFileReference; lastKnownFileType = sourcecode.swift; path = HUploadManager.swift; sourceTree = "<group>"; };
		2E3CF487283BCCC500243139 /* HDownloadManager.swift */ = {isa = PBXFileReference; lastKnownFileType = sourcecode.swift; path = HDownloadManager.swift; sourceTree = "<group>"; };
		2E3CF489283BCCF400243139 /* LocalPictureModel.swift */ = {isa = PBXFileReference; lastKnownFileType = sourcecode.swift; path = LocalPictureModel.swift; sourceTree = "<group>"; };
		2E3CF48B283BD40700243139 /* HPhotoManager.swift */ = {isa = PBXFileReference; lastKnownFileType = sourcecode.swift; path = HPhotoManager.swift; sourceTree = "<group>"; };
		2E650F3C283B8563000E74CC /* PicturesCloud.app */ = {isa = PBXFileReference; explicitFileType = wrapper.application; includeInIndex = 0; path = PicturesCloud.app; sourceTree = BUILT_PRODUCTS_DIR; };
		2E650F3F283B8563000E74CC /* AppDelegate.swift */ = {isa = PBXFileReference; lastKnownFileType = sourcecode.swift; path = AppDelegate.swift; sourceTree = "<group>"; };
		2E650F43283B8563000E74CC /* CloudViewController.swift */ = {isa = PBXFileReference; lastKnownFileType = sourcecode.swift; path = CloudViewController.swift; sourceTree = "<group>"; };
		2E650F46283B8563000E74CC /* Base */ = {isa = PBXFileReference; lastKnownFileType = file.storyboard; name = Base; path = Base.lproj/Main.storyboard; sourceTree = "<group>"; };
		2E650F48283B8568000E74CC /* Assets.xcassets */ = {isa = PBXFileReference; lastKnownFileType = folder.assetcatalog; path = Assets.xcassets; sourceTree = "<group>"; };
		2E650F4B283B8568000E74CC /* Base */ = {isa = PBXFileReference; lastKnownFileType = file.storyboard; name = Base; path = Base.lproj/LaunchScreen.storyboard; sourceTree = "<group>"; };
		2E650F4D283B8568000E74CC /* Info.plist */ = {isa = PBXFileReference; lastKnownFileType = text.plist.xml; path = Info.plist; sourceTree = "<group>"; };
		2E650F53283B8A24000E74CC /* README.md */ = {isa = PBXFileReference; lastKnownFileType = net.daringfireball.markdown; path = README.md; sourceTree = "<group>"; };
		2E6BC60929914A57003BE70D /* String+Extension.swift */ = {isa = PBXFileReference; lastKnownFileType = sourcecode.swift; path = "String+Extension.swift"; sourceTree = "<group>"; };
		2E6BC60B2992AB30003BE70D /* CloudSectionController.swift */ = {isa = PBXFileReference; lastKnownFileType = sourcecode.swift; path = CloudSectionController.swift; sourceTree = "<group>"; };
		2E7CB55E299E697D00183726 /* Model.swift */ = {isa = PBXFileReference; lastKnownFileType = sourcecode.swift; path = Model.swift; sourceTree = "<group>"; };
		2EC0D067284715A900253196 /* HPlayerView.swift */ = {isa = PBXFileReference; lastKnownFileType = sourcecode.swift; path = HPlayerView.swift; sourceTree = "<group>"; };
		2EC0D070284735A500253196 /* Alamofire.framework */ = {isa = PBXFileReference; explicitFileType = wrapper.framework; path = Alamofire.framework; sourceTree = BUILT_PRODUCTS_DIR; };
		2EC0D074284735B100253196 /* IGListDiffKit.framework */ = {isa = PBXFileReference; explicitFileType = wrapper.framework; path = IGListDiffKit.framework; sourceTree = BUILT_PRODUCTS_DIR; };
		2EC0D077284735BA00253196 /* IGListKit.framework */ = {isa = PBXFileReference; explicitFileType = wrapper.framework; path = IGListKit.framework; sourceTree = BUILT_PRODUCTS_DIR; };
		2EC0D07A284735BE00253196 /* Kingfisher.framework */ = {isa = PBXFileReference; explicitFileType = wrapper.framework; path = Kingfisher.framework; sourceTree = BUILT_PRODUCTS_DIR; };
		2EC0D07D284735D300253196 /* ObjectMapper.framework */ = {isa = PBXFileReference; explicitFileType = wrapper.framework; path = ObjectMapper.framework; sourceTree = BUILT_PRODUCTS_DIR; };
		2EC0D080284735E000253196 /* SQLite.framework */ = {isa = PBXFileReference; explicitFileType = wrapper.framework; path = SQLite.framework; sourceTree = BUILT_PRODUCTS_DIR; };
		2EC0D083284735EE00253196 /* SwiftProtobuf.framework */ = {isa = PBXFileReference; explicitFileType = wrapper.framework; path = SwiftProtobuf.framework; sourceTree = BUILT_PRODUCTS_DIR; };
		2EC0D0882847561D00253196 /* GridViewController.swift */ = {isa = PBXFileReference; lastKnownFileType = sourcecode.swift; path = GridViewController.swift; sourceTree = "<group>"; };
		2EC0D08A2847564900253196 /* GridSectionController.swift */ = {isa = PBXFileReference; lastKnownFileType = sourcecode.swift; path = GridSectionController.swift; sourceTree = "<group>"; };
		2EC0D08C284760D700253196 /* GridCell.swift */ = {isa = PBXFileReference; lastKnownFileType = sourcecode.swift; path = GridCell.swift; sourceTree = "<group>"; };
		2EC0D08D284760D700253196 /* GridCell.xib */ = {isa = PBXFileReference; lastKnownFileType = file.xib; path = GridCell.xib; sourceTree = "<group>"; };
		2EC80D6129A6542200387A4F /* PhotoManager.swift */ = {isa = PBXFileReference; lastKnownFileType = sourcecode.swift; path = PhotoManager.swift; sourceTree = "<group>"; };
		2EC80D6529A8DA0300387A4F /* LocalAssetViewController.swift */ = {isa = PBXFileReference; lastKnownFileType = sourcecode.swift; path = LocalAssetViewController.swift; sourceTree = "<group>"; };
		2EC80D6629A8DA0300387A4F /* LocalAssetViewController.xib */ = {isa = PBXFileReference; lastKnownFileType = file.xib; path = LocalAssetViewController.xib; sourceTree = "<group>"; };
		2ECE50CF298A9950005533C8 /* Client.swift */ = {isa = PBXFileReference; lastKnownFileType = sourcecode.swift; path = Client.swift; sourceTree = "<group>"; };
		2EE7BE49298ABC48006BD2B0 /* types.swift */ = {isa = PBXFileReference; lastKnownFileType = sourcecode.swift; path = types.swift; sourceTree = "<group>"; };
		88936EC631460B4C08C7C8E7 /* Pods_PicturesCloud.framework */ = {isa = PBXFileReference; explicitFileType = wrapper.framework; includeInIndex = 0; path = Pods_PicturesCloud.framework; sourceTree = BUILT_PRODUCTS_DIR; };
		B9C68C34E385FDA30A9F9C54 /* Pods-PicturesCloud.release.xcconfig */ = {isa = PBXFileReference; includeInIndex = 1; lastKnownFileType = text.xcconfig; name = "Pods-PicturesCloud.release.xcconfig"; path = "Target Support Files/Pods-PicturesCloud/Pods-PicturesCloud.release.xcconfig"; sourceTree = "<group>"; };
		C093A214FB1426D85E48A48A /* Pods-PicturesCloud.debug.xcconfig */ = {isa = PBXFileReference; includeInIndex = 1; lastKnownFileType = text.xcconfig; name = "Pods-PicturesCloud.debug.xcconfig"; path = "Target Support Files/Pods-PicturesCloud/Pods-PicturesCloud.debug.xcconfig"; sourceTree = "<group>"; };
/* End PBXFileReference section */

/* Begin PBXFrameworksBuildPhase section */
		2E650F39283B8563000E74CC /* Frameworks */ = {
			isa = PBXFrameworksBuildPhase;
			buildActionMask = 2147483647;
			files = (
				821953546EF4A3BB39CF901B /* Pods_PicturesCloud.framework in Frameworks */,
			);
			runOnlyForDeploymentPostprocessing = 0;
		};
/* End PBXFrameworksBuildPhase section */

/* Begin PBXGroup section */
		2E1C7FBB283CB55600B9222E /* Frameworks */ = {
			isa = PBXGroup;
			children = (
				2EC0D083284735EE00253196 /* SwiftProtobuf.framework */,
				2EC0D080284735E000253196 /* SQLite.framework */,
				2EC0D07D284735D300253196 /* ObjectMapper.framework */,
				2EC0D07A284735BE00253196 /* Kingfisher.framework */,
				2EC0D077284735BA00253196 /* IGListKit.framework */,
				2EC0D074284735B100253196 /* IGListDiffKit.framework */,
				2EC0D070284735A500253196 /* Alamofire.framework */,
				2E0F9B25283CC559000358FD /* RxMoya.framework */,
				2E0F9B22283CC551000358FD /* Moya.framework */,
				2E0F9B18283CC51F000358FD /* SQLite.framework */,
				2E0F9B15283CC517000358FD /* RxSwift.framework */,
				2E0F9B12283CC50E000358FD /* ObjectMapper.framework */,
				2E0F9B0F283CC507000358FD /* Kingfisher.framework */,
				2E0F9B0C283CC4FE000358FD /* IGListKit.framework */,
				2E0F9B09283CC4F6000358FD /* IGListDiffKit.framework */,
				2E0F9B05283CC4EB000358FD /* Alamofire.framework */,
				88936EC631460B4C08C7C8E7 /* Pods_PicturesCloud.framework */,
			);
			name = Frameworks;
			sourceTree = "<group>";
		};
		2E3A99F3283F0CA900F3D5D7 /* Manager */ = {
			isa = PBXGroup;
			children = (
				2E3CF48B283BD40700243139 /* HPhotoManager.swift */,
				2E3CF487283BCCC500243139 /* HDownloadManager.swift */,
				2E3CF485283BCCB700243139 /* HUploadManager.swift */,
				2E3CF481283BC8E500243139 /* HFileManager.swift */,
				2EC80D6129A6542200387A4F /* PhotoManager.swift */,
				2E0E8F26299526A200212C2D /* LocalPhotoManager.swift */,
				2E0E8F28299526AF00212C2D /* CloudPhotoManager.swift */,
			);
			name = Manager;
			sourceTree = "<group>";
		};
		2E650F33283B8563000E74CC = {
			isa = PBXGroup;
			children = (
				2E650F53283B8A24000E74CC /* README.md */,
				2E650F3E283B8563000E74CC /* PicturesCloud */,
				2E650F3D283B8563000E74CC /* Products */,
				2E1C7FBB283CB55600B9222E /* Frameworks */,
				BE3BB7A2C2DB0F8F77E58E74 /* Pods */,
			);
			sourceTree = "<group>";
		};
		2E650F3D283B8563000E74CC /* Products */ = {
			isa = PBXGroup;
			children = (
				2E650F3C283B8563000E74CC /* PicturesCloud.app */,
			);
			name = Products;
			sourceTree = "<group>";
		};
		2E650F3E283B8563000E74CC /* PicturesCloud */ = {
			isa = PBXGroup;
			children = (
				2EC80D6029A653C800387A4F /* Model */,
				2E6BC60D2992AB71003BE70D /* VC */,
				2E6BC60829914A45003BE70D /* Extension */,
				2EE7BE4B298AC4A2006BD2B0 /* API */,
				2E3A99F3283F0CA900F3D5D7 /* Manager */,
				2E650F3F283B8563000E74CC /* AppDelegate.swift */,
				2E3CF47D283BC04100243139 /* LocalPictureCell.swift */,
				2E3CF47E283BC04100243139 /* LocalPictureCell.xib */,
				2E3A99E4283E374D00F3D5D7 /* LocalImageCell.swift */,
				2E3A99F0283E5D3600F3D5D7 /* LocalImageCell.xib */,
				2E3A99E8283E376100F3D5D7 /* LocalVideoCell.swift */,
				2E3A99E9283E376100F3D5D7 /* LocalVideoCell.xib */,
				2E650F45283B8563000E74CC /* Main.storyboard */,
				2E650F48283B8568000E74CC /* Assets.xcassets */,
				2E650F4A283B8568000E74CC /* LaunchScreen.storyboard */,
				2E650F4D283B8568000E74CC /* Info.plist */,
				2EC0D067284715A900253196 /* HPlayerView.swift */,
				2EC0D08C284760D700253196 /* GridCell.swift */,
				2EC0D08D284760D700253196 /* GridCell.xib */,
			);
			path = PicturesCloud;
			sourceTree = "<group>";
		};
		2E6BC60829914A45003BE70D /* Extension */ = {
			isa = PBXGroup;
			children = (
				2E6BC60929914A57003BE70D /* String+Extension.swift */,
			);
			name = Extension;
			sourceTree = "<group>";
		};
		2E6BC60D2992AB71003BE70D /* VC */ = {
			isa = PBXGroup;
			children = (
				2E6BC60B2992AB30003BE70D /* CloudSectionController.swift */,
				2E650F43283B8563000E74CC /* CloudViewController.swift */,
				2E0F9B28283D2428000358FD /* LocalSectionController.swift */,
				2E3CF483283BCA1600243139 /* LocalViewController.swift */,
				2EC0D08A2847564900253196 /* GridSectionController.swift */,
				2EC0D0882847561D00253196 /* GridViewController.swift */,
				2E3A99EE283E5B3500F3D5D7 /* HImageScrollView.swift */,
				2EC80D6529A8DA0300387A4F /* LocalAssetViewController.swift */,
				2EC80D6629A8DA0300387A4F /* LocalAssetViewController.xib */,
			);
			name = VC;
			sourceTree = "<group>";
		};
		2EC80D6029A653C800387A4F /* Model */ = {
			isa = PBXGroup;
			children = (
				2E7CB55E299E697D00183726 /* Model.swift */,
				2E3CF489283BCCF400243139 /* LocalPictureModel.swift */,
			);
			name = Model;
			sourceTree = "<group>";
		};
		2EE7BE4B298AC4A2006BD2B0 /* API */ = {
			isa = PBXGroup;
			children = (
				2ECE50CF298A9950005533C8 /* Client.swift */,
				2EE7BE49298ABC48006BD2B0 /* types.swift */,
			);
			name = API;
			sourceTree = "<group>";
		};
		BE3BB7A2C2DB0F8F77E58E74 /* Pods */ = {
			isa = PBXGroup;
			children = (
				C093A214FB1426D85E48A48A /* Pods-PicturesCloud.debug.xcconfig */,
				B9C68C34E385FDA30A9F9C54 /* Pods-PicturesCloud.release.xcconfig */,
			);
			path = Pods;
			sourceTree = "<group>";
		};
/* End PBXGroup section */

/* Begin PBXNativeTarget section */
		2E650F3B283B8563000E74CC /* PicturesCloud */ = {
			isa = PBXNativeTarget;
			buildConfigurationList = 2E650F50283B8568000E74CC /* Build configuration list for PBXNativeTarget "PicturesCloud" */;
			buildPhases = (
				763447D76890DDEC9B2CA4F8 /* [CP] Check Pods Manifest.lock */,
				2E650F38283B8563000E74CC /* Sources */,
				2E650F39283B8563000E74CC /* Frameworks */,
				2E650F3A283B8563000E74CC /* Resources */,
				D898EFF342D9997800E53844 /* [CP] Embed Pods Frameworks */,
			);
			buildRules = (
			);
			dependencies = (
			);
			name = PicturesCloud;
			productName = PicturesCloud;
			productReference = 2E650F3C283B8563000E74CC /* PicturesCloud.app */;
			productType = "com.apple.product-type.application";
		};
/* End PBXNativeTarget section */

/* Begin PBXProject section */
		2E650F34283B8563000E74CC /* Project object */ = {
			isa = PBXProject;
			attributes = {
				BuildIndependentTargetsInParallel = 1;
				LastSwiftUpdateCheck = 1340;
				LastUpgradeCheck = 1340;
				TargetAttributes = {
					2E650F3B283B8563000E74CC = {
						CreatedOnToolsVersion = 13.4;
					};
				};
			};
			buildConfigurationList = 2E650F37283B8563000E74CC /* Build configuration list for PBXProject "PicturesCloud" */;
			compatibilityVersion = "Xcode 13.0";
			developmentRegion = en;
			hasScannedForEncodings = 0;
			knownRegions = (
				en,
				Base,
			);
			mainGroup = 2E650F33283B8563000E74CC;
			productRefGroup = 2E650F3D283B8563000E74CC /* Products */;
			projectDirPath = "";
			projectRoot = "";
			targets = (
				2E650F3B283B8563000E74CC /* PicturesCloud */,
			);
		};
/* End PBXProject section */

/* Begin PBXResourcesBuildPhase section */
		2E650F3A283B8563000E74CC /* Resources */ = {
			isa = PBXResourcesBuildPhase;
			buildActionMask = 2147483647;
			files = (
				2E3A99F1283E5D3600F3D5D7 /* LocalImageCell.xib in Resources */,
				2E3CF480283BC04100243139 /* LocalPictureCell.xib in Resources */,
				2E3A99EB283E376100F3D5D7 /* LocalVideoCell.xib in Resources */,
				2EC0D08F284760D700253196 /* GridCell.xib in Resources */,
				2E650F4C283B8568000E74CC /* LaunchScreen.storyboard in Resources */,
				2E650F49283B8568000E74CC /* Assets.xcassets in Resources */,
				2E650F47283B8563000E74CC /* Main.storyboard in Resources */,
				2EC80D6829A8DA0300387A4F /* LocalAssetViewController.xib in Resources */,
			);
			runOnlyForDeploymentPostprocessing = 0;
		};
/* End PBXResourcesBuildPhase section */

/* Begin PBXShellScriptBuildPhase section */
		763447D76890DDEC9B2CA4F8 /* [CP] Check Pods Manifest.lock */ = {
			isa = PBXShellScriptBuildPhase;
			buildActionMask = 2147483647;
			files = (
			);
			inputFileListPaths = (
			);
			inputPaths = (
				"${PODS_PODFILE_DIR_PATH}/Podfile.lock",
				"${PODS_ROOT}/Manifest.lock",
			);
			name = "[CP] Check Pods Manifest.lock";
			outputFileListPaths = (
			);
			outputPaths = (
				"$(DERIVED_FILE_DIR)/Pods-PicturesCloud-checkManifestLockResult.txt",
			);
			runOnlyForDeploymentPostprocessing = 0;
			shellPath = /bin/sh;
			shellScript = "diff \"${PODS_PODFILE_DIR_PATH}/Podfile.lock\" \"${PODS_ROOT}/Manifest.lock\" > /dev/null\nif [ $? != 0 ] ; then\n    # print error to STDERR\n    echo \"error: The sandbox is not in sync with the Podfile.lock. Run 'pod install' or update your CocoaPods installation.\" >&2\n    exit 1\nfi\n# This output is used by Xcode 'outputs' to avoid re-running this script phase.\necho \"SUCCESS\" > \"${SCRIPT_OUTPUT_FILE_0}\"\n";
			showEnvVarsInLog = 0;
		};
		D898EFF342D9997800E53844 /* [CP] Embed Pods Frameworks */ = {
			isa = PBXShellScriptBuildPhase;
			buildActionMask = 2147483647;
			files = (
			);
			inputFileListPaths = (
				"${PODS_ROOT}/Target Support Files/Pods-PicturesCloud/Pods-PicturesCloud-frameworks-${CONFIGURATION}-input-files.xcfilelist",
			);
			name = "[CP] Embed Pods Frameworks";
			outputFileListPaths = (
				"${PODS_ROOT}/Target Support Files/Pods-PicturesCloud/Pods-PicturesCloud-frameworks-${CONFIGURATION}-output-files.xcfilelist",
			);
			runOnlyForDeploymentPostprocessing = 0;
			shellPath = /bin/sh;
			shellScript = "\"${PODS_ROOT}/Target Support Files/Pods-PicturesCloud/Pods-PicturesCloud-frameworks.sh\"\n";
			showEnvVarsInLog = 0;
		};
/* End PBXShellScriptBuildPhase section */

/* Begin PBXSourcesBuildPhase section */
		2E650F38283B8563000E74CC /* Sources */ = {
			isa = PBXSourcesBuildPhase;
			buildActionMask = 2147483647;
			files = (
				2E0E8F29299526AF00212C2D /* CloudPhotoManager.swift in Sources */,
				2E3CF488283BCCC500243139 /* HDownloadManager.swift in Sources */,
				2E3A99E6283E374D00F3D5D7 /* LocalImageCell.swift in Sources */,
				2E3CF484283BCA1600243139 /* LocalViewController.swift in Sources */,
				2EC0D0892847561D00253196 /* GridViewController.swift in Sources */,
				2E3CF48A283BCCF400243139 /* LocalPictureModel.swift in Sources */,
				2E7CB55F299E697D00183726 /* Model.swift in Sources */,
				2E3CF486283BCCB800243139 /* HUploadManager.swift in Sources */,
				2E6BC60C2992AB30003BE70D /* CloudSectionController.swift in Sources */,
				2E3CF482283BC8E500243139 /* HFileManager.swift in Sources */,
				2EE7BE4A298ABC48006BD2B0 /* types.swift in Sources */,
				2E3CF48C283BD40700243139 /* HPhotoManager.swift in Sources */,
				2E0E8F27299526A200212C2D /* LocalPhotoManager.swift in Sources */,
				2E3A99EF283E5B3500F3D5D7 /* HImageScrollView.swift in Sources */,
				2E6BC60A29914A57003BE70D /* String+Extension.swift in Sources */,
				2EC0D068284715A900253196 /* HPlayerView.swift in Sources */,
				2E650F44283B8563000E74CC /* CloudViewController.swift in Sources */,
				2ECE50D0298A9950005533C8 /* Client.swift in Sources */,
				2E650F40283B8563000E74CC /* AppDelegate.swift in Sources */,
				2E0F9B29283D2428000358FD /* LocalSectionController.swift in Sources */,
				2EC0D08B2847564900253196 /* GridSectionController.swift in Sources */,
				2E3A99EA283E376100F3D5D7 /* LocalVideoCell.swift in Sources */,
				2E3CF47F283BC04100243139 /* LocalPictureCell.swift in Sources */,
				2EC80D6729A8DA0300387A4F /* LocalAssetViewController.swift in Sources */,
				2EC80D6229A6542200387A4F /* PhotoManager.swift in Sources */,
				2EC0D08E284760D700253196 /* GridCell.swift in Sources */,
			);
			runOnlyForDeploymentPostprocessing = 0;
		};
/* End PBXSourcesBuildPhase section */

/* Begin PBXVariantGroup section */
		2E650F45283B8563000E74CC /* Main.storyboard */ = {
			isa = PBXVariantGroup;
			children = (
				2E650F46283B8563000E74CC /* Base */,
			);
			name = Main.storyboard;
			sourceTree = "<group>";
		};
		2E650F4A283B8568000E74CC /* LaunchScreen.storyboard */ = {
			isa = PBXVariantGroup;
			children = (
				2E650F4B283B8568000E74CC /* Base */,
			);
			name = LaunchScreen.storyboard;
			sourceTree = "<group>";
		};
/* End PBXVariantGroup section */

/* Begin XCBuildConfiguration section */
		2E650F4E283B8568000E74CC /* Debug */ = {
			isa = XCBuildConfiguration;
			buildSettings = {
				ALWAYS_SEARCH_USER_PATHS = NO;
				CLANG_ANALYZER_NONNULL = YES;
				CLANG_ANALYZER_NUMBER_OBJECT_CONVERSION = YES_AGGRESSIVE;
				CLANG_CXX_LANGUAGE_STANDARD = "gnu++17";
				CLANG_ENABLE_MODULES = YES;
				CLANG_ENABLE_OBJC_ARC = YES;
				CLANG_ENABLE_OBJC_WEAK = YES;
				CLANG_WARN_BLOCK_CAPTURE_AUTORELEASING = YES;
				CLANG_WARN_BOOL_CONVERSION = YES;
				CLANG_WARN_COMMA = YES;
				CLANG_WARN_CONSTANT_CONVERSION = YES;
				CLANG_WARN_DEPRECATED_OBJC_IMPLEMENTATIONS = YES;
				CLANG_WARN_DIRECT_OBJC_ISA_USAGE = YES_ERROR;
				CLANG_WARN_DOCUMENTATION_COMMENTS = YES;
				CLANG_WARN_EMPTY_BODY = YES;
				CLANG_WARN_ENUM_CONVERSION = YES;
				CLANG_WARN_INFINITE_RECURSION = YES;
				CLANG_WARN_INT_CONVERSION = YES;
				CLANG_WARN_NON_LITERAL_NULL_CONVERSION = YES;
				CLANG_WARN_OBJC_IMPLICIT_RETAIN_SELF = YES;
				CLANG_WARN_OBJC_LITERAL_CONVERSION = YES;
				CLANG_WARN_OBJC_ROOT_CLASS = YES_ERROR;
				CLANG_WARN_QUOTED_INCLUDE_IN_FRAMEWORK_HEADER = YES;
				CLANG_WARN_RANGE_LOOP_ANALYSIS = YES;
				CLANG_WARN_STRICT_PROTOTYPES = YES;
				CLANG_WARN_SUSPICIOUS_MOVE = YES;
				CLANG_WARN_UNGUARDED_AVAILABILITY = YES_AGGRESSIVE;
				CLANG_WARN_UNREACHABLE_CODE = YES;
				CLANG_WARN__DUPLICATE_METHOD_MATCH = YES;
				COPY_PHASE_STRIP = NO;
				DEBUG_INFORMATION_FORMAT = dwarf;
				ENABLE_STRICT_OBJC_MSGSEND = YES;
				ENABLE_TESTABILITY = YES;
				GCC_C_LANGUAGE_STANDARD = gnu11;
				GCC_DYNAMIC_NO_PIC = NO;
				GCC_NO_COMMON_BLOCKS = YES;
				GCC_OPTIMIZATION_LEVEL = 0;
				GCC_PREPROCESSOR_DEFINITIONS = (
					"DEBUG=1",
					"$(inherited)",
				);
				GCC_WARN_64_TO_32_BIT_CONVERSION = YES;
				GCC_WARN_ABOUT_RETURN_TYPE = YES_ERROR;
				GCC_WARN_UNDECLARED_SELECTOR = YES;
				GCC_WARN_UNINITIALIZED_AUTOS = YES_AGGRESSIVE;
				GCC_WARN_UNUSED_FUNCTION = YES;
				GCC_WARN_UNUSED_VARIABLE = YES;
				IPHONEOS_DEPLOYMENT_TARGET = 12.0;
				MTL_ENABLE_DEBUG_INFO = INCLUDE_SOURCE;
				MTL_FAST_MATH = YES;
				ONLY_ACTIVE_ARCH = YES;
				SDKROOT = iphoneos;
				SWIFT_ACTIVE_COMPILATION_CONDITIONS = DEBUG;
				SWIFT_OPTIMIZATION_LEVEL = "-Onone";
			};
			name = Debug;
		};
		2E650F4F283B8568000E74CC /* Release */ = {
			isa = XCBuildConfiguration;
			buildSettings = {
				ALWAYS_SEARCH_USER_PATHS = NO;
				CLANG_ANALYZER_NONNULL = YES;
				CLANG_ANALYZER_NUMBER_OBJECT_CONVERSION = YES_AGGRESSIVE;
				CLANG_CXX_LANGUAGE_STANDARD = "gnu++17";
				CLANG_ENABLE_MODULES = YES;
				CLANG_ENABLE_OBJC_ARC = YES;
				CLANG_ENABLE_OBJC_WEAK = YES;
				CLANG_WARN_BLOCK_CAPTURE_AUTORELEASING = YES;
				CLANG_WARN_BOOL_CONVERSION = YES;
				CLANG_WARN_COMMA = YES;
				CLANG_WARN_CONSTANT_CONVERSION = YES;
				CLANG_WARN_DEPRECATED_OBJC_IMPLEMENTATIONS = YES;
				CLANG_WARN_DIRECT_OBJC_ISA_USAGE = YES_ERROR;
				CLANG_WARN_DOCUMENTATION_COMMENTS = YES;
				CLANG_WARN_EMPTY_BODY = YES;
				CLANG_WARN_ENUM_CONVERSION = YES;
				CLANG_WARN_INFINITE_RECURSION = YES;
				CLANG_WARN_INT_CONVERSION = YES;
				CLANG_WARN_NON_LITERAL_NULL_CONVERSION = YES;
				CLANG_WARN_OBJC_IMPLICIT_RETAIN_SELF = YES;
				CLANG_WARN_OBJC_LITERAL_CONVERSION = YES;
				CLANG_WARN_OBJC_ROOT_CLASS = YES_ERROR;
				CLANG_WARN_QUOTED_INCLUDE_IN_FRAMEWORK_HEADER = YES;
				CLANG_WARN_RANGE_LOOP_ANALYSIS = YES;
				CLANG_WARN_STRICT_PROTOTYPES = YES;
				CLANG_WARN_SUSPICIOUS_MOVE = YES;
				CLANG_WARN_UNGUARDED_AVAILABILITY = YES_AGGRESSIVE;
				CLANG_WARN_UNREACHABLE_CODE = YES;
				CLANG_WARN__DUPLICATE_METHOD_MATCH = YES;
				COPY_PHASE_STRIP = NO;
				DEBUG_INFORMATION_FORMAT = "dwarf-with-dsym";
				ENABLE_NS_ASSERTIONS = NO;
				ENABLE_STRICT_OBJC_MSGSEND = YES;
				GCC_C_LANGUAGE_STANDARD = gnu11;
				GCC_NO_COMMON_BLOCKS = YES;
				GCC_WARN_64_TO_32_BIT_CONVERSION = YES;
				GCC_WARN_ABOUT_RETURN_TYPE = YES_ERROR;
				GCC_WARN_UNDECLARED_SELECTOR = YES;
				GCC_WARN_UNINITIALIZED_AUTOS = YES_AGGRESSIVE;
				GCC_WARN_UNUSED_FUNCTION = YES;
				GCC_WARN_UNUSED_VARIABLE = YES;
				IPHONEOS_DEPLOYMENT_TARGET = 12.0;
				MTL_ENABLE_DEBUG_INFO = NO;
				MTL_FAST_MATH = YES;
				SDKROOT = iphoneos;
				SWIFT_COMPILATION_MODE = wholemodule;
				SWIFT_OPTIMIZATION_LEVEL = "-O";
				VALIDATE_PRODUCT = YES;
			};
			name = Release;
		};
		2E650F51283B8568000E74CC /* Debug */ = {
			isa = XCBuildConfiguration;
			baseConfigurationReference = C093A214FB1426D85E48A48A /* Pods-PicturesCloud.debug.xcconfig */;
			buildSettings = {
				ASSETCATALOG_COMPILER_APPICON_NAME = AppIcon;
				ASSETCATALOG_COMPILER_GLOBAL_ACCENT_COLOR_NAME = AccentColor;
				CODE_SIGN_STYLE = Automatic;
				CURRENT_PROJECT_VERSION = 1;
				DEVELOPMENT_TEAM = SRW54YFJJ3;
				FRAMEWORK_SEARCH_PATHS = (
					"$(inherited)",
					"$(PROJECT_DIR)/Frameworks",
				);
				GENERATE_INFOPLIST_FILE = YES;
				INFOPLIST_FILE = PicturesCloud/Info.plist;
				INFOPLIST_KEY_NSPhotoLibraryUsageDescription = "测试";
				INFOPLIST_KEY_UIApplicationSupportsIndirectInputEvents = YES;
				INFOPLIST_KEY_UILaunchStoryboardName = LaunchScreen;
				INFOPLIST_KEY_UIMainStoryboardFile = Main;
				INFOPLIST_KEY_UISupportedInterfaceOrientations_iPad = "UIInterfaceOrientationPortrait UIInterfaceOrientationPortraitUpsideDown UIInterfaceOrientationLandscapeLeft UIInterfaceOrientationLandscapeRight";
				INFOPLIST_KEY_UISupportedInterfaceOrientations_iPhone = "UIInterfaceOrientationPortrait UIInterfaceOrientationLandscapeLeft UIInterfaceOrientationLandscapeRight";
				IPHONEOS_DEPLOYMENT_TARGET = 13.0;
				LD_RUNPATH_SEARCH_PATHS = (
					"$(inherited)",
					"@executable_path/Frameworks",
				);
				MARKETING_VERSION = 1.0;
				PRODUCT_BUNDLE_IDENTIFIER = github.onelcat.io.PicturesCloud;
				PRODUCT_NAME = "$(TARGET_NAME)";
				SWIFT_EMIT_LOC_STRINGS = YES;
				SWIFT_VERSION = 5.0;
				TARGETED_DEVICE_FAMILY = "1,2";
			};
			name = Debug;
		};
		2E650F52283B8568000E74CC /* Release */ = {
			isa = XCBuildConfiguration;
			baseConfigurationReference = B9C68C34E385FDA30A9F9C54 /* Pods-PicturesCloud.release.xcconfig */;
			buildSettings = {
				ASSETCATALOG_COMPILER_APPICON_NAME = AppIcon;
				ASSETCATALOG_COMPILER_GLOBAL_ACCENT_COLOR_NAME = AccentColor;
				CODE_SIGN_STYLE = Automatic;
				CURRENT_PROJECT_VERSION = 1;
				DEVELOPMENT_TEAM = SRW54YFJJ3;
				FRAMEWORK_SEARCH_PATHS = (
					"$(inherited)",
					"$(PROJECT_DIR)/Frameworks",
				);
				GENERATE_INFOPLIST_FILE = YES;
				INFOPLIST_FILE = PicturesCloud/Info.plist;
				INFOPLIST_KEY_NSPhotoLibraryUsageDescription = "测试";
				INFOPLIST_KEY_UIApplicationSupportsIndirectInputEvents = YES;
				INFOPLIST_KEY_UILaunchStoryboardName = LaunchScreen;
				INFOPLIST_KEY_UIMainStoryboardFile = Main;
				INFOPLIST_KEY_UISupportedInterfaceOrientations_iPad = "UIInterfaceOrientationPortrait UIInterfaceOrientationPortraitUpsideDown UIInterfaceOrientationLandscapeLeft UIInterfaceOrientationLandscapeRight";
				INFOPLIST_KEY_UISupportedInterfaceOrientations_iPhone = "UIInterfaceOrientationPortrait UIInterfaceOrientationLandscapeLeft UIInterfaceOrientationLandscapeRight";
				IPHONEOS_DEPLOYMENT_TARGET = 13.0;
				LD_RUNPATH_SEARCH_PATHS = (
					"$(inherited)",
					"@executable_path/Frameworks",
				);
				MARKETING_VERSION = 1.0;
				PRODUCT_BUNDLE_IDENTIFIER = github.onelcat.io.PicturesCloud;
				PRODUCT_NAME = "$(TARGET_NAME)";
				SWIFT_EMIT_LOC_STRINGS = YES;
				SWIFT_VERSION = 5.0;
				TARGETED_DEVICE_FAMILY = "1,2";
			};
			name = Release;
		};
/* End XCBuildConfiguration section */

/* Begin XCConfigurationList section */
		2E650F37283B8563000E74CC /* Build configuration list for PBXProject "PicturesCloud" */ = {
			isa = XCConfigurationList;
			buildConfigurations = (
				2E650F4E283B8568000E74CC /* Debug */,
				2E650F4F283B8568000E74CC /* Release */,
			);
			defaultConfigurationIsVisible = 0;
			defaultConfigurationName = Release;
		};
		2E650F50283B8568000E74CC /* Build configuration list for PBXNativeTarget "PicturesCloud" */ = {
			isa = XCConfigurationList;
			buildConfigurations = (
				2E650F51283B8568000E74CC /* Debug */,
				2E650F52283B8568000E74CC /* Release */,
			);
			defaultConfigurationIsVisible = 0;
			defaultConfigurationName = Release;
		};
/* End XCConfigurationList section */
	};
	rootObject = 2E650F34283B8563000E74CC /* Project object */;
}
